// !$*UTF8*$!
{
	archiveVersion = 1;
	classes = {
	};
	objectVersion = 56;
	objects = {

/* Begin PBXBuildFile section */
		C2DCE1F32B08FC010045B179 /* AppDelegate.swift in Sources */ = {isa = PBXBuildFile; fileRef = C2DCE1F22B08FC010045B179 /* AppDelegate.swift */; };
		C2DCE1F52B08FC010045B179 /* SceneDelegate.swift in Sources */ = {isa = PBXBuildFile; fileRef = C2DCE1F42B08FC010045B179 /* SceneDelegate.swift */; };
		C2DCE1F72B08FC010045B179 /* ViewController.swift in Sources */ = {isa = PBXBuildFile; fileRef = C2DCE1F62B08FC010045B179 /* ViewController.swift */; };
		C2DCE1FC2B08FC020045B179 /* Assets.xcassets in Resources */ = {isa = PBXBuildFile; fileRef = C2DCE1FB2B08FC020045B179 /* Assets.xcassets */; };
		C2DCE1FF2B08FC020045B179 /* LaunchScreen.storyboard in Resources */ = {isa = PBXBuildFile; fileRef = C2DCE1FD2B08FC020045B179 /* LaunchScreen.storyboard */; };
		C2DCE2072B08FD280045B179 /* ProfileButton.swift in Sources */ = {isa = PBXBuildFile; fileRef = C2DCE2062B08FD280045B179 /* ProfileButton.swift */; };
		C2DCE2102B08FE910045B179 /* UINavigationItem+LargeTitleAccessoryView.swift in Sources */ = {isa = PBXBuildFile; fileRef = C2DCE20F2B08FE910045B179 /* UINavigationItem+LargeTitleAccessoryView.swift */; };
		C2DCE2152B0905EE0045B179 /* ViewController+UITableViewDataSource.swift in Sources */ = {isa = PBXBuildFile; fileRef = C2DCE2142B0905EE0045B179 /* ViewController+UITableViewDataSource.swift */; };
/* End PBXBuildFile section */

/* Begin PBXFileReference section */
		C2DCE1EF2B08FC010045B179 /* UINavigationItem-LargeTitleAccessoryView-Demo.app */ = {isa = PBXFileReference; explicitFileType = wrapper.application; includeInIndex = 0; path = "UINavigationItem-LargeTitleAccessoryView-Demo.app"; sourceTree = BUILT_PRODUCTS_DIR; };
		C2DCE1F22B08FC010045B179 /* AppDelegate.swift */ = {isa = PBXFileReference; lastKnownFileType = sourcecode.swift; path = AppDelegate.swift; sourceTree = "<group>"; };
		C2DCE1F42B08FC010045B179 /* SceneDelegate.swift */ = {isa = PBXFileReference; lastKnownFileType = sourcecode.swift; path = SceneDelegate.swift; sourceTree = "<group>"; };
		C2DCE1F62B08FC010045B179 /* ViewController.swift */ = {isa = PBXFileReference; lastKnownFileType = sourcecode.swift; path = ViewController.swift; sourceTree = "<group>"; };
		C2DCE1FB2B08FC020045B179 /* Assets.xcassets */ = {isa = PBXFileReference; lastKnownFileType = folder.assetcatalog; path = Assets.xcassets; sourceTree = "<group>"; };
		C2DCE1FE2B08FC020045B179 /* Base */ = {isa = PBXFileReference; lastKnownFileType = file.storyboard; name = Base; path = Base.lproj/LaunchScreen.storyboard; sourceTree = "<group>"; };
		C2DCE2002B08FC020045B179 /* Info.plist */ = {isa = PBXFileReference; lastKnownFileType = text.plist.xml; path = Info.plist; sourceTree = "<group>"; };
		C2DCE2062B08FD280045B179 /* ProfileButton.swift */ = {isa = PBXFileReference; lastKnownFileType = sourcecode.swift; path = ProfileButton.swift; sourceTree = "<group>"; };
		C2DCE20F2B08FE910045B179 /* UINavigationItem+LargeTitleAccessoryView.swift */ = {isa = PBXFileReference; lastKnownFileType = sourcecode.swift; path = "UINavigationItem+LargeTitleAccessoryView.swift"; sourceTree = "<group>"; };
		C2DCE2142B0905EE0045B179 /* ViewController+UITableViewDataSource.swift */ = {isa = PBXFileReference; lastKnownFileType = sourcecode.swift; path = "ViewController+UITableViewDataSource.swift"; sourceTree = "<group>"; };
/* End PBXFileReference section */

/* Begin PBXFrameworksBuildPhase section */
		C2DCE1EC2B08FC010045B179 /* Frameworks */ = {
			isa = PBXFrameworksBuildPhase;
			buildActionMask = 2147483647;
			files = (
			);
			runOnlyForDeploymentPostprocessing = 0;
		};
/* End PBXFrameworksBuildPhase section */

/* Begin PBXGroup section */
		C2DCE1E62B08FC010045B179 = {
			isa = PBXGroup;
			children = (
				C2DCE1F12B08FC010045B179 /* UINavigationItem-LargeTitleAccessoryView-Demo */,
				C2DCE1F02B08FC010045B179 /* Products */,
			);
			sourceTree = "<group>";
		};
		C2DCE1F02B08FC010045B179 /* Products */ = {
			isa = PBXGroup;
			children = (
				C2DCE1EF2B08FC010045B179 /* UINavigationItem-LargeTitleAccessoryView-Demo.app */,
			);
			name = Products;
			sourceTree = "<group>";
		};
		C2DCE1F12B08FC010045B179 /* UINavigationItem-LargeTitleAccessoryView-Demo */ = {
			isa = PBXGroup;
			children = (
				C2DCE2082B08FDE40045B179 /* Base */,
				C2DCE20A2B08FDF40045B179 /* Views */,
				C2DCE2092B08FDEB0045B179 /* View Controllers */,
				C2DCE20B2B08FE160045B179 /* Resources */,
				C2DCE20E2B08FE390045B179 /* Supporting Files */,
			);
			path = "UINavigationItem-LargeTitleAccessoryView-Demo";
			sourceTree = "<group>";
		};
		C2DCE2082B08FDE40045B179 /* Base */ = {
			isa = PBXGroup;
			children = (
				C2DCE1F22B08FC010045B179 /* AppDelegate.swift */,
				C2DCE1F42B08FC010045B179 /* SceneDelegate.swift */,
			);
			path = Base;
			sourceTree = "<group>";
		};
		C2DCE2092B08FDEB0045B179 /* View Controllers */ = {
			isa = PBXGroup;
			children = (
				C2DCE2132B08FF220045B179 /* ViewController */,
			);
			path = "View Controllers";
			sourceTree = "<group>";
		};
		C2DCE20A2B08FDF40045B179 /* Views */ = {
			isa = PBXGroup;
			children = (
				C2DCE2062B08FD280045B179 /* ProfileButton.swift */,
			);
			path = Views;
			sourceTree = "<group>";
		};
		C2DCE20B2B08FE160045B179 /* Resources */ = {
			isa = PBXGroup;
			children = (
				C2DCE20C2B08FE210045B179 /* Assets */,
				C2DCE20D2B08FE2A0045B179 /* Storyboards */,
				C2DCE2112B08FE940045B179 /* Extensions */,
			);
			path = Resources;
			sourceTree = "<group>";
		};
		C2DCE20C2B08FE210045B179 /* Assets */ = {
			isa = PBXGroup;
			children = (
				C2DCE1FB2B08FC020045B179 /* Assets.xcassets */,
			);
			path = Assets;
			sourceTree = "<group>";
		};
		C2DCE20D2B08FE2A0045B179 /* Storyboards */ = {
			isa = PBXGroup;
			children = (
				C2DCE1FD2B08FC020045B179 /* LaunchScreen.storyboard */,
			);
			path = Storyboards;
			sourceTree = "<group>";
		};
		C2DCE20E2B08FE390045B179 /* Supporting Files */ = {
			isa = PBXGroup;
			children = (
				C2DCE2002B08FC020045B179 /* Info.plist */,
			);
			path = "Supporting Files";
			sourceTree = "<group>";
		};
		C2DCE2112B08FE940045B179 /* Extensions */ = {
			isa = PBXGroup;
			children = (
				C2DCE2122B08FE9C0045B179 /* UINavigationItem */,
			);
			path = Extensions;
			sourceTree = "<group>";
		};
		C2DCE2122B08FE9C0045B179 /* UINavigationItem */ = {
			isa = PBXGroup;
			children = (
				C2DCE20F2B08FE910045B179 /* UINavigationItem+LargeTitleAccessoryView.swift */,
			);
			path = UINavigationItem;
			sourceTree = "<group>";
		};
		C2DCE2132B08FF220045B179 /* ViewController */ = {
			isa = PBXGroup;
			children = (
				C2DCE1F62B08FC010045B179 /* ViewController.swift */,
				C2DCE2142B0905EE0045B179 /* ViewController+UITableViewDataSource.swift */,
			);
			path = ViewController;
			sourceTree = "<group>";
		};
/* End PBXGroup section */

/* Begin PBXNativeTarget section */
		C2DCE1EE2B08FC010045B179 /* UINavigationItem-LargeTitleAccessoryView-Demo */ = {
			isa = PBXNativeTarget;
			buildConfigurationList = C2DCE2032B08FC020045B179 /* Build configuration list for PBXNativeTarget "UINavigationItem-LargeTitleAccessoryView-Demo" */;
			buildPhases = (
				C2DCE1EB2B08FC010045B179 /* Sources */,
				C2DCE1EC2B08FC010045B179 /* Frameworks */,
				C2DCE1ED2B08FC010045B179 /* Resources */,
			);
			buildRules = (
			);
			dependencies = (
			);
			name = "UINavigationItem-LargeTitleAccessoryView-Demo";
			productName = "UINavigationItem-LargeTitleAccessoryView-Demo";
			productReference = C2DCE1EF2B08FC010045B179 /* UINavigationItem-LargeTitleAccessoryView-Demo.app */;
			productType = "com.apple.product-type.application";
		};
/* End PBXNativeTarget section */

/* Begin PBXProject section */
		C2DCE1E72B08FC010045B179 /* Project object */ = {
			isa = PBXProject;
			attributes = {
				BuildIndependentTargetsInParallel = 1;
				LastSwiftUpdateCheck = 1500;
				LastUpgradeCheck = 1500;
				TargetAttributes = {
					C2DCE1EE2B08FC010045B179 = {
						CreatedOnToolsVersion = 15.0;
					};
				};
			};
			buildConfigurationList = C2DCE1EA2B08FC010045B179 /* Build configuration list for PBXProject "UINavigationItem-LargeTitleAccessoryView-Demo" */;
			compatibilityVersion = "Xcode 14.0";
			developmentRegion = en;
			hasScannedForEncodings = 0;
			knownRegions = (
				en,
				Base,
			);
			mainGroup = C2DCE1E62B08FC010045B179;
			productRefGroup = C2DCE1F02B08FC010045B179 /* Products */;
			projectDirPath = "";
			projectRoot = "";
			targets = (
				C2DCE1EE2B08FC010045B179 /* UINavigationItem-LargeTitleAccessoryView-Demo */,
			);
		};
/* End PBXProject section */

/* Begin PBXResourcesBuildPhase section */
		C2DCE1ED2B08FC010045B179 /* Resources */ = {
			isa = PBXResourcesBuildPhase;
			buildActionMask = 2147483647;
			files = (
				C2DCE1FF2B08FC020045B179 /* LaunchScreen.storyboard in Resources */,
				C2DCE1FC2B08FC020045B179 /* Assets.xcassets in Resources */,
			);
			runOnlyForDeploymentPostprocessing = 0;
		};
/* End PBXResourcesBuildPhase section */

/* Begin PBXSourcesBuildPhase section */
		C2DCE1EB2B08FC010045B179 /* Sources */ = {
			isa = PBXSourcesBuildPhase;
			buildActionMask = 2147483647;
			files = (
				C2DCE1F72B08FC010045B179 /* ViewController.swift in Sources */,
				C2DCE1F32B08FC010045B179 /* AppDelegate.swift in Sources */,
				C2DCE1F52B08FC010045B179 /* SceneDelegate.swift in Sources */,
				C2DCE2102B08FE910045B179 /* UINavigationItem+LargeTitleAccessoryView.swift in Sources */,
				C2DCE2072B08FD280045B179 /* ProfileButton.swift in Sources */,
				C2DCE2152B0905EE0045B179 /* ViewController+UITableViewDataSource.swift in Sources */,
			);
			runOnlyForDeploymentPostprocessing = 0;
		};
/* End PBXSourcesBuildPhase section */

/* Begin PBXVariantGroup section */
		C2DCE1FD2B08FC020045B179 /* LaunchScreen.storyboard */ = {
			isa = PBXVariantGroup;
			children = (
				C2DCE1FE2B08FC020045B179 /* Base */,
			);
			name = LaunchScreen.storyboard;
			sourceTree = "<group>";
		};
/* End PBXVariantGroup section */

/* Begin XCBuildConfiguration section */
		C2DCE2012B08FC020045B179 /* Debug */ = {
			isa = XCBuildConfiguration;
			buildSettings = {
				ALWAYS_SEARCH_USER_PATHS = NO;
				ASSETCATALOG_COMPILER_GENERATE_SWIFT_ASSET_SYMBOL_EXTENSIONS = YES;
				CLANG_ANALYZER_NONNULL = YES;
				CLANG_ANALYZER_NUMBER_OBJECT_CONVERSION = YES_AGGRESSIVE;
				CLANG_CXX_LANGUAGE_STANDARD = "gnu++20";
				CLANG_ENABLE_MODULES = YES;
				CLANG_ENABLE_OBJC_ARC = YES;
				CLANG_ENABLE_OBJC_WEAK = YES;
				CLANG_WARN_BLOCK_CAPTURE_AUTORELEASING = YES;
				CLANG_WARN_BOOL_CONVERSION = YES;
				CLANG_WARN_COMMA = YES;
				CLANG_WARN_CONSTANT_CONVERSION = YES;
				CLANG_WARN_DEPRECATED_OBJC_IMPLEMENTATIONS = YES;
				CLANG_WARN_DIRECT_OBJC_ISA_USAGE = YES_ERROR;
				CLANG_WARN_DOCUMENTATION_COMMENTS = YES;
				CLANG_WARN_EMPTY_BODY = YES;
				CLANG_WARN_ENUM_CONVERSION = YES;
				CLANG_WARN_INFINITE_RECURSION = YES;
				CLANG_WARN_INT_CONVERSION = YES;
				CLANG_WARN_NON_LITERAL_NULL_CONVERSION = YES;
				CLANG_WARN_OBJC_IMPLICIT_RETAIN_SELF = YES;
				CLANG_WARN_OBJC_LITERAL_CONVERSION = YES;
				CLANG_WARN_OBJC_ROOT_CLASS = YES_ERROR;
				CLANG_WARN_QUOTED_INCLUDE_IN_FRAMEWORK_HEADER = YES;
				CLANG_WARN_RANGE_LOOP_ANALYSIS = YES;
				CLANG_WARN_STRICT_PROTOTYPES = YES;
				CLANG_WARN_SUSPICIOUS_MOVE = YES;
				CLANG_WARN_UNGUARDED_AVAILABILITY = YES_AGGRESSIVE;
				CLANG_WARN_UNREACHABLE_CODE = YES;
				CLANG_WARN__DUPLICATE_METHOD_MATCH = YES;
				COPY_PHASE_STRIP = NO;
				DEBUG_INFORMATION_FORMAT = dwarf;
				ENABLE_STRICT_OBJC_MSGSEND = YES;
				ENABLE_TESTABILITY = YES;
				ENABLE_USER_SCRIPT_SANDBOXING = YES;
				GCC_C_LANGUAGE_STANDARD = gnu17;
				GCC_DYNAMIC_NO_PIC = NO;
				GCC_NO_COMMON_BLOCKS = YES;
				GCC_OPTIMIZATION_LEVEL = 0;
				GCC_PREPROCESSOR_DEFINITIONS = (
					"DEBUG=1",
					"$(inherited)",
				);
				GCC_WARN_64_TO_32_BIT_CONVERSION = YES;
				GCC_WARN_ABOUT_RETURN_TYPE = YES_ERROR;
				GCC_WARN_UNDECLARED_SELECTOR = YES;
				GCC_WARN_UNINITIALIZED_AUTOS = YES_AGGRESSIVE;
				GCC_WARN_UNUSED_FUNCTION = YES;
				GCC_WARN_UNUSED_VARIABLE = YES;
				IPHONEOS_DEPLOYMENT_TARGET = 17.0;
				LOCALIZATION_PREFERS_STRING_CATALOGS = YES;
				MTL_ENABLE_DEBUG_INFO = INCLUDE_SOURCE;
				MTL_FAST_MATH = YES;
				ONLY_ACTIVE_ARCH = YES;
				SDKROOT = iphoneos;
				SWIFT_ACTIVE_COMPILATION_CONDITIONS = "DEBUG $(inherited)";
				SWIFT_OPTIMIZATION_LEVEL = "-Onone";
			};
			name = Debug;
		};
		C2DCE2022B08FC020045B179 /* Release */ = {
			isa = XCBuildConfiguration;
			buildSettings = {
				ALWAYS_SEARCH_USER_PATHS = NO;
				ASSETCATALOG_COMPILER_GENERATE_SWIFT_ASSET_SYMBOL_EXTENSIONS = YES;
				CLANG_ANALYZER_NONNULL = YES;
				CLANG_ANALYZER_NUMBER_OBJECT_CONVERSION = YES_AGGRESSIVE;
				CLANG_CXX_LANGUAGE_STANDARD = "gnu++20";
				CLANG_ENABLE_MODULES = YES;
				CLANG_ENABLE_OBJC_ARC = YES;
				CLANG_ENABLE_OBJC_WEAK = YES;
				CLANG_WARN_BLOCK_CAPTURE_AUTORELEASING = YES;
				CLANG_WARN_BOOL_CONVERSION = YES;
				CLANG_WARN_COMMA = YES;
				CLANG_WARN_CONSTANT_CONVERSION = YES;
				CLANG_WARN_DEPRECATED_OBJC_IMPLEMENTATIONS = YES;
				CLANG_WARN_DIRECT_OBJC_ISA_USAGE = YES_ERROR;
				CLANG_WARN_DOCUMENTATION_COMMENTS = YES;
				CLANG_WARN_EMPTY_BODY = YES;
				CLANG_WARN_ENUM_CONVERSION = YES;
				CLANG_WARN_INFINITE_RECURSION = YES;
				CLANG_WARN_INT_CONVERSION = YES;
				CLANG_WARN_NON_LITERAL_NULL_CONVERSION = YES;
				CLANG_WARN_OBJC_IMPLICIT_RETAIN_SELF = YES;
				CLANG_WARN_OBJC_LITERAL_CONVERSION = YES;
				CLANG_WARN_OBJC_ROOT_CLASS = YES_ERROR;
				CLANG_WARN_QUOTED_INCLUDE_IN_FRAMEWORK_HEADER = YES;
				CLANG_WARN_RANGE_LOOP_ANALYSIS = YES;
				CLANG_WARN_STRICT_PROTOTYPES = YES;
				CLANG_WARN_SUSPICIOUS_MOVE = YES;
				CLANG_WARN_UNGUARDED_AVAILABILITY = YES_AGGRESSIVE;
				CLANG_WARN_UNREACHABLE_CODE = YES;
				CLANG_WARN__DUPLICATE_METHOD_MATCH = YES;
				COPY_PHASE_STRIP = NO;
				DEBUG_INFORMATION_FORMAT = "dwarf-with-dsym";
				ENABLE_NS_ASSERTIONS = NO;
				ENABLE_STRICT_OBJC_MSGSEND = YES;
				ENABLE_USER_SCRIPT_SANDBOXING = YES;
				GCC_C_LANGUAGE_STANDARD = gnu17;
				GCC_NO_COMMON_BLOCKS = YES;
				GCC_WARN_64_TO_32_BIT_CONVERSION = YES;
				GCC_WARN_ABOUT_RETURN_TYPE = YES_ERROR;
				GCC_WARN_UNDECLARED_SELECTOR = YES;
				GCC_WARN_UNINITIALIZED_AUTOS = YES_AGGRESSIVE;
				GCC_WARN_UNUSED_FUNCTION = YES;
				GCC_WARN_UNUSED_VARIABLE = YES;
				IPHONEOS_DEPLOYMENT_TARGET = 17.0;
				LOCALIZATION_PREFERS_STRING_CATALOGS = YES;
				MTL_ENABLE_DEBUG_INFO = NO;
				MTL_FAST_MATH = YES;
				SDKROOT = iphoneos;
				SWIFT_COMPILATION_MODE = wholemodule;
				VALIDATE_PRODUCT = YES;
			};
			name = Release;
		};
		C2DCE2042B08FC020045B179 /* Debug */ = {
			isa = XCBuildConfiguration;
			buildSettings = {
				ASSETCATALOG_COMPILER_APPICON_NAME = AppIcon;
				ASSETCATALOG_COMPILER_GLOBAL_ACCENT_COLOR_NAME = AccentColor;
				CODE_SIGN_STYLE = Automatic;
				CURRENT_PROJECT_VERSION = 1;
				DEVELOPMENT_TEAM = DY2GQFY855;
				GENERATE_INFOPLIST_FILE = YES;
				INFOPLIST_FILE = "UINavigationItem-LargeTitleAccessoryView-Demo/Supporting Files/Info.plist";
				INFOPLIST_KEY_UIApplicationSupportsIndirectInputEvents = YES;
				INFOPLIST_KEY_UILaunchStoryboardName = LaunchScreen;
				INFOPLIST_KEY_UISupportedInterfaceOrientations_iPad = "UIInterfaceOrientationPortrait UIInterfaceOrientationPortraitUpsideDown UIInterfaceOrientationLandscapeLeft UIInterfaceOrientationLandscapeRight";
				INFOPLIST_KEY_UISupportedInterfaceOrientations_iPhone = "UIInterfaceOrientationPortrait UIInterfaceOrientationLandscapeLeft UIInterfaceOrientationLandscapeRight";
				LD_RUNPATH_SEARCH_PATHS = (
					"$(inherited)",
					"@executable_path/Frameworks",
				);
				MARKETING_VERSION = 1.0;
				PRODUCT_BUNDLE_IDENTIFIER = "com.sebvidal.UINavigationItem-LargeTitleAccessoryView-Demo";
				PRODUCT_NAME = "$(TARGET_NAME)";
				SWIFT_EMIT_LOC_STRINGS = YES;
				SWIFT_VERSION = 5.0;
				TARGETED_DEVICE_FAMILY = "1,2";
			};
			name = Debug;
		};
		C2DCE2052B08FC020045B179 /* Release */ = {
			isa = XCBuildConfiguration;
			buildSettings = {
				ASSETCATALOG_COMPILER_APPICON_NAME = AppIcon;
				ASSETCATALOG_COMPILER_GLOBAL_ACCENT_COLOR_NAME = AccentColor;
				CODE_SIGN_STYLE = Automatic;
				CURRENT_PROJECT_VERSION = 1;
				DEVELOPMENT_TEAM = DY2GQFY855;
				GENERATE_INFOPLIST_FILE = YES;
				INFOPLIST_FILE = "UINavigationItem-LargeTitleAccessoryView-Demo/Supporting Files/Info.plist";
				INFOPLIST_KEY_UIApplicationSupportsIndirectInputEvents = YES;
				INFOPLIST_KEY_UILaunchStoryboardName = LaunchScreen;
				INFOPLIST_KEY_UISupportedInterfaceOrientations_iPad = "UIInterfaceOrientationPortrait UIInterfaceOrientationPortraitUpsideDown UIInterfaceOrientationLandscapeLeft UIInterfaceOrientationLandscapeRight";
				INFOPLIST_KEY_UISupportedInterfaceOrientations_iPhone = "UIInterfaceOrientationPortrait UIInterfaceOrientationLandscapeLeft UIInterfaceOrientationLandscapeRight";
				LD_RUNPATH_SEARCH_PATHS = (
					"$(inherited)",
					"@executable_path/Frameworks",
				);
				MARKETING_VERSION = 1.0;
				PRODUCT_BUNDLE_IDENTIFIER = "com.sebvidal.UINavigationItem-LargeTitleAccessoryView-Demo";
				PRODUCT_NAME = "$(TARGET_NAME)";
				SWIFT_EMIT_LOC_STRINGS = YES;
				SWIFT_VERSION = 5.0;
				TARGETED_DEVICE_FAMILY = "1,2";
			};
			name = Release;
		};
/* End XCBuildConfiguration section */

/* Begin XCConfigurationList section */
		C2DCE1EA2B08FC010045B179 /* Build configuration list for PBXProject "UINavigationItem-LargeTitleAccessoryView-Demo" */ = {
			isa = XCConfigurationList;
			buildConfigurations = (
				C2DCE2012B08FC020045B179 /* Debug */,
				C2DCE2022B08FC020045B179 /* Release */,
			);
			defaultConfigurationIsVisible = 0;
			defaultConfigurationName = Release;
		};
		C2DCE2032B08FC020045B179 /* Build configuration list for PBXNativeTarget "UINavigationItem-LargeTitleAccessoryView-Demo" */ = {
			isa = XCConfigurationList;
			buildConfigurations = (
				C2DCE2042B08FC020045B179 /* Debug */,
				C2DCE2052B08FC020045B179 /* Release */,
			);
			defaultConfigurationIsVisible = 0;
			defaultConfigurationName = Release;
		};
/* End XCConfigurationList section */
	};
	rootObject = C2DCE1E72B08FC010045B179 /* Project object */;
}
